
Microsoft Visual Studio Solution File, Format Version 12.00
# Visual Studio Version 16
VisualStudioVersion = 16.0.29519.87
MinimumVisualStudioVersion = 10.0.40219.1
Project("{FAE04EC0-301F-11D3-BF4B-00C04F79EFBC}") = "LinkedIn", "LinkedIn.csproj", "{FE918553-A03E-468B-A227-3D0C156E808C}"
EndProject
Global
	GlobalSection(SolutionConfigurationPlatforms) = preSolution
		Debug|Any CPU = Debug|Any CPU
		Release|Any CPU = Release|Any CPU
	EndGlobalSection
	GlobalSection(ProjectConfigurationPlatforms) = postSolution
		{FE918553-A03E-468B-A227-3D0C156E808C}.Debug|Any CPU.ActiveCfg = Debug|Any CPU
		{FE918553-A03E-468B-A227-3D0C156E808C}.Debug|Any CPU.Build.0 = Debug|Any CPU
		{FE918553-A03E-468B-A227-3D0C156E808C}.Release|Any CPU.ActiveCfg = Release|Any CPU
		{FE918553-A03E-468B-A227-3D0C156E808C}.Release|Any CPU.Build.0 = Release|Any CPU
	EndGlobalSection
	GlobalSection(SolutionProperties) = preSolution
		HideSolutionNode = FALSE
	EndGlobalSection
	GlobalSection(ExtensibilityGlobals) = postSolution
		SolutionGuid = {042D1CFB-3EC9-45D6-AE94-AA3D8511EF3D}
	EndGlobalSection
EndGlobal
